
Microsoft Visual Studio Solution File, Format Version 12.00
# Visual Studio Version 16
VisualStudioVersion = 16.0.30907.101
MinimumVisualStudioVersion = 10.0.40219.1
Project("{FAE04EC0-301F-11D3-BF4B-00C04F79EFBC}") = "WebLibraryManagement", "WebLibraryManagement\WebLibraryManagement.csproj", "{7626DAED-E5AD-4742-AF2C-34D19BEED514}"
EndProject
Global
	GlobalSection(SolutionConfigurationPlatforms) = preSolution
		Debug|Any CPU = Debug|Any CPU
		Release|Any CPU = Release|Any CPU
	EndGlobalSection
	GlobalSection(ProjectConfigurationPlatforms) = postSolution
		{7626DAED-E5AD-4742-AF2C-34D19BEED514}.Debug|Any CPU.ActiveCfg = Debug|Any CPU
		{7626DAED-E5AD-4742-AF2C-34D19BEED514}.Debug|Any CPU.Build.0 = Debug|Any CPU
		{7626DAED-E5AD-4742-AF2C-34D19BEED514}.Release|Any CPU.ActiveCfg = Release|Any CPU
		{7626DAED-E5AD-4742-AF2C-34D19BEED514}.Release|Any CPU.Build.0 = Release|Any CPU
	EndGlobalSection
	GlobalSection(SolutionProperties) = preSolution
		HideSolutionNode = FALSE
	EndGlobalSection
	GlobalSection(ExtensibilityGlobals) = postSolution
		SolutionGuid = {435DF24F-81AF-4FEE-ADB4-EC8F550C7EA3}
	EndGlobalSection
EndGlobal
